# THIS IS AN AUTOGENERATED FILE. DO NOT EDIT THIS FILE DIRECTLY.
# yarn lockfile v1


"@fastify/flash@^5.0.0":
  version "5.1.0"
  resolved "https://packages.atlassian.com/api/npm/npm-remote/@fastify/flash/-/flash-5.1.0.tgz#9842c8d700d2000a56f8734eb89e2369de744c0c"
  integrity sha512-8/MwOWkky0RsSgSVRcpoY8Q+lGj+vx/QF60E0Opp+92KtLFWldr6eWUL+gpGJNmQiodsKCr0osjKIjySuUuM/g==
  dependencies:
    fastify-plugin "^4.0.0"

"@fastify/passport@2.0.0":
  version "2.0.0"
  resolved "https://packages.atlassian.com/api/npm/npm-remote/@fastify/passport/-/passport-2.0.0.tgz#e112c7508a4983deebd0670b3bd0b5367c9f5abb"
  integrity sha512-XPZrzFMf5XO4nCmPDTLOWXAoBWiAQHsdzzMD29AOb0FV9BgjgbOG4Xz+Z+GC9pChg58Caj6EfQkqpEu/IVp8Qg==
  dependencies:
    "@fastify/flash" "^5.0.0"
    fastify-plugin "^3.0.0"

fastify-plugin@^3.0.0:
  version "3.0.1"
  resolved "https://packages.atlassian.com/api/npm/npm-remote/fastify-plugin/-/fastify-plugin-3.0.1.tgz#79e84c29f401020f38b524f59f2402103fd21ed2"
  integrity sha512-qKcDXmuZadJqdTm6vlCqioEbyewF60b/0LOFCcYN1B6BIZGlYJumWWOYs70SFYLDAH4YqdE1cxH/RKMG7rFxgA==

fastify-plugin@^4.0.0:
  version "4.5.1"
  resolved "https://packages.atlassian.com/api/npm/npm-remote/fastify-plugin/-/fastify-plugin-4.5.1.tgz#44dc6a3cc2cce0988bc09e13f160120bbd91dbee"
  integrity sha512-stRHYGeuqpEZTL1Ef0Ovr2ltazUT9g844X5z/zEBFLG8RYlpDiOCIG+ATvYEp+/zmc7sN29mcIMp8gvYplYPIQ==
