# THIS IS AN AUTOGENERATED FILE. DO NOT EDIT THIS FILE DIRECTLY.
# yarn lockfile v1


"@fastify/flash@^5.0.0":
  version "5.1.0"
  resolved "https://packages.atlassian.com/api/npm/npm-remote/@fastify/flash/-/flash-5.1.0.tgz#9842c8d700d2000a56f8734eb89e2369de744c0c"
  integrity sha512-8/MwOWkky0RsSgSVRcpoY8Q+lGj+vx/QF60E0Opp+92KtLFWldr6eWUL+gpGJNmQiodsKCr0osjKIjySuUuM/g==
  dependencies:
    fastify-plugin "^4.0.0"

"@fastify/passport@2.3.0":
  version "2.3.0"
  resolved "https://registry.yarnpkg.com/@fastify/passport/-/passport-2.3.0.tgz#e942a914961d8bbe3d989ef39ccb6c33550b1dbc"
  integrity sha512-OVTUXyAm7Tx194RJiJrzSvM8m5O8TR0CIc9ewKDZWjQcFs+MNiVURdjpIm28l7oY2o19TV9XANutfSH/ngEd+A==
  dependencies:
    "@fastify/flash" "^5.0.0"
    fastify-plugin "^4.0.0"

fastify-plugin@^4.0.0:
  version "4.5.1"
  resolved "https://packages.atlassian.com/api/npm/npm-remote/fastify-plugin/-/fastify-plugin-4.5.1.tgz#44dc6a3cc2cce0988bc09e13f160120bbd91dbee"
  integrity sha512-stRHYGeuqpEZTL1Ef0Ovr2ltazUT9g844X5z/zEBFLG8RYlpDiOCIG+ATvYEp+/zmc7sN29mcIMp8gvYplYPIQ==
